// !$*UTF8*$!
{
	archiveVersion = 1;
	classes = {
	};
	objectVersion = 56;
	objects = {

/* Begin PBXBuildFile section */
		A0047B07296F62AF00608917 /* AppDelegate.swift in Sources */ = {isa = PBXBuildFile; fileRef = A0047B06296F62AF00608917 /* AppDelegate.swift */; };
		A0047B09296F62AF00608917 /* SceneDelegate.swift in Sources */ = {isa = PBXBuildFile; fileRef = A0047B08296F62AF00608917 /* SceneDelegate.swift */; };
		A0047B0E296F62AF00608917 /* Main.storyboard in Resources */ = {isa = PBXBuildFile; fileRef = A0047B0C296F62AF00608917 /* Main.storyboard */; };
		A0047B11296F62AF00608917 /* FinanceApp.xcdatamodeld in Sources */ = {isa = PBXBuildFile; fileRef = A0047B0F296F62AF00608917 /* FinanceApp.xcdatamodeld */; };
		A0047B13296F62B100608917 /* Assets.xcassets in Resources */ = {isa = PBXBuildFile; fileRef = A0047B12296F62B100608917 /* Assets.xcassets */; };
		A0047B16296F62B100608917 /* LaunchScreen.storyboard in Resources */ = {isa = PBXBuildFile; fileRef = A0047B14296F62B100608917 /* LaunchScreen.storyboard */; };
		A0A762702976816500DAF5EE /* BalanceViewController.swift in Sources */ = {isa = PBXBuildFile; fileRef = A0A7626F2976816500DAF5EE /* BalanceViewController.swift */; };
		A0A76272297685FD00DAF5EE /* EditPageViewController.swift in Sources */ = {isa = PBXBuildFile; fileRef = A0A76271297685FD00DAF5EE /* EditPageViewController.swift */; };
		A0AD906629789E0B00B49035 /* QuotesModel.swift in Sources */ = {isa = PBXBuildFile; fileRef = A0AD906529789E0A00B49035 /* QuotesModel.swift */; };
		A0AD90682978A92900B49035 /* QuotesModelController.swift in Sources */ = {isa = PBXBuildFile; fileRef = A0AD90672978A92900B49035 /* QuotesModelController.swift */; };
		A0B4F4B6297735F00038BDFB /* AddOrMinusViewController.swift in Sources */ = {isa = PBXBuildFile; fileRef = A0B4F4B5297735F00038BDFB /* AddOrMinusViewController.swift */; };
		A0C3C0F32979ED790006F646 /* QuoteError.swift in Sources */ = {isa = PBXBuildFile; fileRef = A0C3C0F22979ED790006F646 /* QuoteError.swift */; };
		A0D3058329762F7600A506E8 /* BalanceController.swift in Sources */ = {isa = PBXBuildFile; fileRef = A0D3058229762F7600A506E8 /* BalanceController.swift */; };
		A0FB408929762A83000F8A3C /* CoreDataStack.swift in Sources */ = {isa = PBXBuildFile; fileRef = A0FB408829762A83000F8A3C /* CoreDataStack.swift */; };
		A0FB408B29762AE5000F8A3C /* Balance+Convenience.swift in Sources */ = {isa = PBXBuildFile; fileRef = A0FB408A29762AE5000F8A3C /* Balance+Convenience.swift */; };
/* End PBXBuildFile section */

/* Begin PBXFileReference section */
		A0047B03296F62AF00608917 /* FinanceApp.app */ = {isa = PBXFileReference; explicitFileType = wrapper.application; includeInIndex = 0; path = FinanceApp.app; sourceTree = BUILT_PRODUCTS_DIR; };
		A0047B06296F62AF00608917 /* AppDelegate.swift */ = {isa = PBXFileReference; lastKnownFileType = sourcecode.swift; path = AppDelegate.swift; sourceTree = "<group>"; };
		A0047B08296F62AF00608917 /* SceneDelegate.swift */ = {isa = PBXFileReference; lastKnownFileType = sourcecode.swift; path = SceneDelegate.swift; sourceTree = "<group>"; };
		A0047B0D296F62AF00608917 /* Base */ = {isa = PBXFileReference; lastKnownFileType = file.storyboard; name = Base; path = Base.lproj/Main.storyboard; sourceTree = "<group>"; };
		A0047B10296F62AF00608917 /* FinanceApp.xcdatamodel */ = {isa = PBXFileReference; lastKnownFileType = wrapper.xcdatamodel; path = FinanceApp.xcdatamodel; sourceTree = "<group>"; };
		A0047B12296F62B100608917 /* Assets.xcassets */ = {isa = PBXFileReference; lastKnownFileType = folder.assetcatalog; path = Assets.xcassets; sourceTree = "<group>"; };
		A0047B15296F62B100608917 /* Base */ = {isa = PBXFileReference; lastKnownFileType = file.storyboard; name = Base; path = Base.lproj/LaunchScreen.storyboard; sourceTree = "<group>"; };
		A0047B17296F62B100608917 /* Info.plist */ = {isa = PBXFileReference; lastKnownFileType = text.plist.xml; path = Info.plist; sourceTree = "<group>"; };
		A0A7626F2976816500DAF5EE /* BalanceViewController.swift */ = {isa = PBXFileReference; lastKnownFileType = sourcecode.swift; path = BalanceViewController.swift; sourceTree = "<group>"; };
		A0A76271297685FD00DAF5EE /* EditPageViewController.swift */ = {isa = PBXFileReference; lastKnownFileType = sourcecode.swift; path = EditPageViewController.swift; sourceTree = "<group>"; };
		A0AD906529789E0A00B49035 /* QuotesModel.swift */ = {isa = PBXFileReference; lastKnownFileType = sourcecode.swift; path = QuotesModel.swift; sourceTree = "<group>"; };
		A0AD90672978A92900B49035 /* QuotesModelController.swift */ = {isa = PBXFileReference; lastKnownFileType = sourcecode.swift; path = QuotesModelController.swift; sourceTree = "<group>"; };
		A0B4F4B5297735F00038BDFB /* AddOrMinusViewController.swift */ = {isa = PBXFileReference; lastKnownFileType = sourcecode.swift; path = AddOrMinusViewController.swift; sourceTree = "<group>"; };
		A0C3C0F22979ED790006F646 /* QuoteError.swift */ = {isa = PBXFileReference; lastKnownFileType = sourcecode.swift; path = QuoteError.swift; sourceTree = "<group>"; };
		A0D3058229762F7600A506E8 /* BalanceController.swift */ = {isa = PBXFileReference; lastKnownFileType = sourcecode.swift; path = BalanceController.swift; sourceTree = "<group>"; };
		A0FB408829762A83000F8A3C /* CoreDataStack.swift */ = {isa = PBXFileReference; lastKnownFileType = sourcecode.swift; path = CoreDataStack.swift; sourceTree = "<group>"; };
		A0FB408A29762AE5000F8A3C /* Balance+Convenience.swift */ = {isa = PBXFileReference; lastKnownFileType = sourcecode.swift; path = "Balance+Convenience.swift"; sourceTree = "<group>"; };
/* End PBXFileReference section */

/* Begin PBXFrameworksBuildPhase section */
		A0047B00296F62AF00608917 /* Frameworks */ = {
			isa = PBXFrameworksBuildPhase;
			buildActionMask = 2147483647;
			files = (
			);
			runOnlyForDeploymentPostprocessing = 0;
		};
/* End PBXFrameworksBuildPhase section */

/* Begin PBXGroup section */
		A0047AFA296F62AF00608917 = {
			isa = PBXGroup;
			children = (
				A0047B05296F62AF00608917 /* FinanceApp */,
				A0047B04296F62AF00608917 /* Products */,
			);
			sourceTree = "<group>";
		};
		A0047B04296F62AF00608917 /* Products */ = {
			isa = PBXGroup;
			children = (
				A0047B03296F62AF00608917 /* FinanceApp.app */,
			);
			name = Products;
			sourceTree = "<group>";
		};
		A0047B05296F62AF00608917 /* FinanceApp */ = {
			isa = PBXGroup;
			children = (
				A0C706E3297074DA00400794 /* ModelController */,
				A0C706DF2970747C00400794 /* ViewController */,
				A0C706DE2970742800400794 /* Resource */,
				A0C706E02970749600400794 /* Storyboard */,
				A0C706E1297074B700400794 /* Models */,
			);
			path = FinanceApp;
			sourceTree = "<group>";
		};
		A0C706DE2970742800400794 /* Resource */ = {
			isa = PBXGroup;
			children = (
				A0047B06296F62AF00608917 /* AppDelegate.swift */,
				A0047B08296F62AF00608917 /* SceneDelegate.swift */,
				A0047B12296F62B100608917 /* Assets.xcassets */,
				A0047B17296F62B100608917 /* Info.plist */,
				A0C3C0F22979ED790006F646 /* QuoteError.swift */,
			);
			path = Resource;
			sourceTree = "<group>";
		};
		A0C706DF2970747C00400794 /* ViewController */ = {
			isa = PBXGroup;
			children = (
				A0A7626F2976816500DAF5EE /* BalanceViewController.swift */,
				A0A76271297685FD00DAF5EE /* EditPageViewController.swift */,
				A0B4F4B5297735F00038BDFB /* AddOrMinusViewController.swift */,
			);
			path = ViewController;
			sourceTree = "<group>";
		};
		A0C706E02970749600400794 /* Storyboard */ = {
			isa = PBXGroup;
			children = (
				A0047B0C296F62AF00608917 /* Main.storyboard */,
				A0047B14296F62B100608917 /* LaunchScreen.storyboard */,
			);
			path = Storyboard;
			sourceTree = "<group>";
		};
		A0C706E1297074B700400794 /* Models */ = {
			isa = PBXGroup;
			children = (
				A0047B0F296F62AF00608917 /* FinanceApp.xcdatamodeld */,
				A0FB408829762A83000F8A3C /* CoreDataStack.swift */,
				A0FB408A29762AE5000F8A3C /* Balance+Convenience.swift */,
				A0AD906529789E0A00B49035 /* QuotesModel.swift */,
			);
			path = Models;
			sourceTree = "<group>";
		};
		A0C706E3297074DA00400794 /* ModelController */ = {
			isa = PBXGroup;
			children = (
				A0D3058229762F7600A506E8 /* BalanceController.swift */,
				A0AD90672978A92900B49035 /* QuotesModelController.swift */,
			);
			path = ModelController;
			sourceTree = "<group>";
		};
/* End PBXGroup section */

/* Begin PBXNativeTarget section */
		A0047B02296F62AF00608917 /* FinanceApp */ = {
			isa = PBXNativeTarget;
			buildConfigurationList = A0047B1A296F62B100608917 /* Build configuration list for PBXNativeTarget "FinanceApp" */;
			buildPhases = (
				A0047AFF296F62AF00608917 /* Sources */,
				A0047B00296F62AF00608917 /* Frameworks */,
				A0047B01296F62AF00608917 /* Resources */,
			);
			buildRules = (
			);
			dependencies = (
			);
			name = FinanceApp;
			productName = FinanceApp;
			productReference = A0047B03296F62AF00608917 /* FinanceApp.app */;
			productType = "com.apple.product-type.application";
		};
/* End PBXNativeTarget section */

/* Begin PBXProject section */
		A0047AFB296F62AF00608917 /* Project object */ = {
			isa = PBXProject;
			attributes = {
				BuildIndependentTargetsInParallel = 1;
				LastSwiftUpdateCheck = 1420;
				LastUpgradeCheck = 1420;
				TargetAttributes = {
					A0047B02296F62AF00608917 = {
						CreatedOnToolsVersion = 14.2;
					};
				};
			};
			buildConfigurationList = A0047AFE296F62AF00608917 /* Build configuration list for PBXProject "FinanceApp" */;
			compatibilityVersion = "Xcode 14.0";
			developmentRegion = en;
			hasScannedForEncodings = 0;
			knownRegions = (
				en,
				Base,
			);
			mainGroup = A0047AFA296F62AF00608917;
			productRefGroup = A0047B04296F62AF00608917 /* Products */;
			projectDirPath = "";
			projectRoot = "";
			targets = (
				A0047B02296F62AF00608917 /* FinanceApp */,
			);
		};
/* End PBXProject section */

/* Begin PBXResourcesBuildPhase section */
		A0047B01296F62AF00608917 /* Resources */ = {
			isa = PBXResourcesBuildPhase;
			buildActionMask = 2147483647;
			files = (
				A0047B16296F62B100608917 /* LaunchScreen.storyboard in Resources */,
				A0047B13296F62B100608917 /* Assets.xcassets in Resources */,
				A0047B0E296F62AF00608917 /* Main.storyboard in Resources */,
			);
			runOnlyForDeploymentPostprocessing = 0;
		};
/* End PBXResourcesBuildPhase section */

/* Begin PBXSourcesBuildPhase section */
		A0047AFF296F62AF00608917 /* Sources */ = {
			isa = PBXSourcesBuildPhase;
			buildActionMask = 2147483647;
			files = (
				A0AD90682978A92900B49035 /* QuotesModelController.swift in Sources */,
				A0047B11296F62AF00608917 /* FinanceApp.xcdatamodeld in Sources */,
				A0B4F4B6297735F00038BDFB /* AddOrMinusViewController.swift in Sources */,
				A0AD906629789E0B00B49035 /* QuotesModel.swift in Sources */,
				A0A76272297685FD00DAF5EE /* EditPageViewController.swift in Sources */,
				A0FB408B29762AE5000F8A3C /* Balance+Convenience.swift in Sources */,
				A0FB408929762A83000F8A3C /* CoreDataStack.swift in Sources */,
				A0C3C0F32979ED790006F646 /* QuoteError.swift in Sources */,
				A0D3058329762F7600A506E8 /* BalanceController.swift in Sources */,
				A0047B07296F62AF00608917 /* AppDelegate.swift in Sources */,
				A0A762702976816500DAF5EE /* BalanceViewController.swift in Sources */,
				A0047B09296F62AF00608917 /* SceneDelegate.swift in Sources */,
			);
			runOnlyForDeploymentPostprocessing = 0;
		};
/* End PBXSourcesBuildPhase section */

/* Begin PBXVariantGroup section */
		A0047B0C296F62AF00608917 /* Main.storyboard */ = {
			isa = PBXVariantGroup;
			children = (
				A0047B0D296F62AF00608917 /* Base */,
			);
			name = Main.storyboard;
			sourceTree = "<group>";
		};
		A0047B14296F62B100608917 /* LaunchScreen.storyboard */ = {
			isa = PBXVariantGroup;
			children = (
				A0047B15296F62B100608917 /* Base */,
			);
			name = LaunchScreen.storyboard;
			sourceTree = "<group>";
		};
/* End PBXVariantGroup section */

/* Begin XCBuildConfiguration section */
		A0047B18296F62B100608917 /* Debug */ = {
			isa = XCBuildConfiguration;
			buildSettings = {
				ALWAYS_SEARCH_USER_PATHS = NO;
				CLANG_ANALYZER_NONNULL = YES;
				CLANG_ANALYZER_NUMBER_OBJECT_CONVERSION = YES_AGGRESSIVE;
				CLANG_CXX_LANGUAGE_STANDARD = "gnu++20";
				CLANG_ENABLE_MODULES = YES;
				CLANG_ENABLE_OBJC_ARC = YES;
				CLANG_ENABLE_OBJC_WEAK = YES;
				CLANG_WARN_BLOCK_CAPTURE_AUTORELEASING = YES;
				CLANG_WARN_BOOL_CONVERSION = YES;
				CLANG_WARN_COMMA = YES;
				CLANG_WARN_CONSTANT_CONVERSION = YES;
				CLANG_WARN_DEPRECATED_OBJC_IMPLEMENTATIONS = YES;
				CLANG_WARN_DIRECT_OBJC_ISA_USAGE = YES_ERROR;
				CLANG_WARN_DOCUMENTATION_COMMENTS = YES;
				CLANG_WARN_EMPTY_BODY = YES;
				CLANG_WARN_ENUM_CONVERSION = YES;
				CLANG_WARN_INFINITE_RECURSION = YES;
				CLANG_WARN_INT_CONVERSION = YES;
				CLANG_WARN_NON_LITERAL_NULL_CONVERSION = YES;
				CLANG_WARN_OBJC_IMPLICIT_RETAIN_SELF = YES;
				CLANG_WARN_OBJC_LITERAL_CONVERSION = YES;
				CLANG_WARN_OBJC_ROOT_CLASS = YES_ERROR;
				CLANG_WARN_QUOTED_INCLUDE_IN_FRAMEWORK_HEADER = YES;
				CLANG_WARN_RANGE_LOOP_ANALYSIS = YES;
				CLANG_WARN_STRICT_PROTOTYPES = YES;
				CLANG_WARN_SUSPICIOUS_MOVE = YES;
				CLANG_WARN_UNGUARDED_AVAILABILITY = YES_AGGRESSIVE;
				CLANG_WARN_UNREACHABLE_CODE = YES;
				CLANG_WARN__DUPLICATE_METHOD_MATCH = YES;
				COPY_PHASE_STRIP = NO;
				DEBUG_INFORMATION_FORMAT = dwarf;
				ENABLE_STRICT_OBJC_MSGSEND = YES;
				ENABLE_TESTABILITY = YES;
				GCC_C_LANGUAGE_STANDARD = gnu11;
				GCC_DYNAMIC_NO_PIC = NO;
				GCC_NO_COMMON_BLOCKS = YES;
				GCC_OPTIMIZATION_LEVEL = 0;
				GCC_PREPROCESSOR_DEFINITIONS = (
					"DEBUG=1",
					"$(inherited)",
				);
				GCC_WARN_64_TO_32_BIT_CONVERSION = YES;
				GCC_WARN_ABOUT_RETURN_TYPE = YES_ERROR;
				GCC_WARN_UNDECLARED_SELECTOR = YES;
				GCC_WARN_UNINITIALIZED_AUTOS = YES_AGGRESSIVE;
				GCC_WARN_UNUSED_FUNCTION = YES;
				GCC_WARN_UNUSED_VARIABLE = YES;
				IPHONEOS_DEPLOYMENT_TARGET = 16.2;
				MTL_ENABLE_DEBUG_INFO = INCLUDE_SOURCE;
				MTL_FAST_MATH = YES;
				ONLY_ACTIVE_ARCH = YES;
				SDKROOT = iphoneos;
				SWIFT_ACTIVE_COMPILATION_CONDITIONS = DEBUG;
				SWIFT_OPTIMIZATION_LEVEL = "-Onone";
			};
			name = Debug;
		};
		A0047B19296F62B100608917 /* Release */ = {
			isa = XCBuildConfiguration;
			buildSettings = {
				ALWAYS_SEARCH_USER_PATHS = NO;
				CLANG_ANALYZER_NONNULL = YES;
				CLANG_ANALYZER_NUMBER_OBJECT_CONVERSION = YES_AGGRESSIVE;
				CLANG_CXX_LANGUAGE_STANDARD = "gnu++20";
				CLANG_ENABLE_MODULES = YES;
				CLANG_ENABLE_OBJC_ARC = YES;
				CLANG_ENABLE_OBJC_WEAK = YES;
				CLANG_WARN_BLOCK_CAPTURE_AUTORELEASING = YES;
				CLANG_WARN_BOOL_CONVERSION = YES;
				CLANG_WARN_COMMA = YES;
				CLANG_WARN_CONSTANT_CONVERSION = YES;
				CLANG_WARN_DEPRECATED_OBJC_IMPLEMENTATIONS = YES;
				CLANG_WARN_DIRECT_OBJC_ISA_USAGE = YES_ERROR;
				CLANG_WARN_DOCUMENTATION_COMMENTS = YES;
				CLANG_WARN_EMPTY_BODY = YES;
				CLANG_WARN_ENUM_CONVERSION = YES;
				CLANG_WARN_INFINITE_RECURSION = YES;
				CLANG_WARN_INT_CONVERSION = YES;
				CLANG_WARN_NON_LITERAL_NULL_CONVERSION = YES;
				CLANG_WARN_OBJC_IMPLICIT_RETAIN_SELF = YES;
				CLANG_WARN_OBJC_LITERAL_CONVERSION = YES;
				CLANG_WARN_OBJC_ROOT_CLASS = YES_ERROR;
				CLANG_WARN_QUOTED_INCLUDE_IN_FRAMEWORK_HEADER = YES;
				CLANG_WARN_RANGE_LOOP_ANALYSIS = YES;
				CLANG_WARN_STRICT_PROTOTYPES = YES;
				CLANG_WARN_SUSPICIOUS_MOVE = YES;
				CLANG_WARN_UNGUARDED_AVAILABILITY = YES_AGGRESSIVE;
				CLANG_WARN_UNREACHABLE_CODE = YES;
				CLANG_WARN__DUPLICATE_METHOD_MATCH = YES;
				COPY_PHASE_STRIP = NO;
				DEBUG_INFORMATION_FORMAT = "dwarf-with-dsym";
				ENABLE_NS_ASSERTIONS = NO;
				ENABLE_STRICT_OBJC_MSGSEND = YES;
				GCC_C_LANGUAGE_STANDARD = gnu11;
				GCC_NO_COMMON_BLOCKS = YES;
				GCC_WARN_64_TO_32_BIT_CONVERSION = YES;
				GCC_WARN_ABOUT_RETURN_TYPE = YES_ERROR;
				GCC_WARN_UNDECLARED_SELECTOR = YES;
				GCC_WARN_UNINITIALIZED_AUTOS = YES_AGGRESSIVE;
				GCC_WARN_UNUSED_FUNCTION = YES;
				GCC_WARN_UNUSED_VARIABLE = YES;
				IPHONEOS_DEPLOYMENT_TARGET = 16.2;
				MTL_ENABLE_DEBUG_INFO = NO;
				MTL_FAST_MATH = YES;
				SDKROOT = iphoneos;
				SWIFT_COMPILATION_MODE = wholemodule;
				SWIFT_OPTIMIZATION_LEVEL = "-O";
				VALIDATE_PRODUCT = YES;
			};
			name = Release;
		};
		A0047B1B296F62B100608917 /* Debug */ = {
			isa = XCBuildConfiguration;
			buildSettings = {
				ASSETCATALOG_COMPILER_APPICON_NAME = AppIcon;
				ASSETCATALOG_COMPILER_GLOBAL_ACCENT_COLOR_NAME = AccentColor;
				CODE_SIGN_STYLE = Automatic;
				CURRENT_PROJECT_VERSION = 1;
				DEVELOPMENT_TEAM = AX2CJDJYNK;
				GENERATE_INFOPLIST_FILE = YES;
				INFOPLIST_FILE = FinanceApp/Resource/Info.plist;
				INFOPLIST_KEY_UIApplicationSupportsIndirectInputEvents = YES;
				INFOPLIST_KEY_UILaunchStoryboardName = LaunchScreen;
				INFOPLIST_KEY_UIMainStoryboardFile = Main;
				INFOPLIST_KEY_UISupportedInterfaceOrientations_iPad = "UIInterfaceOrientationPortrait UIInterfaceOrientationPortraitUpsideDown UIInterfaceOrientationLandscapeLeft UIInterfaceOrientationLandscapeRight";
				INFOPLIST_KEY_UISupportedInterfaceOrientations_iPhone = "UIInterfaceOrientationPortrait UIInterfaceOrientationLandscapeLeft UIInterfaceOrientationLandscapeRight";
				LD_RUNPATH_SEARCH_PATHS = (
					"$(inherited)",
					"@executable_path/Frameworks",
				);
				MARKETING_VERSION = 1.0;
				PRODUCT_BUNDLE_IDENTIFIER = com.gato.FinanceApp;
				PRODUCT_NAME = "$(TARGET_NAME)";
				SWIFT_EMIT_LOC_STRINGS = YES;
				SWIFT_VERSION = 5.0;
				TARGETED_DEVICE_FAMILY = "1,2";
			};
			name = Debug;
		};
		A0047B1C296F62B100608917 /* Release */ = {
			isa = XCBuildConfiguration;
			buildSettings = {
				ASSETCATALOG_COMPILER_APPICON_NAME = AppIcon;
				ASSETCATALOG_COMPILER_GLOBAL_ACCENT_COLOR_NAME = AccentColor;
				CODE_SIGN_STYLE = Automatic;
				CURRENT_PROJECT_VERSION = 1;
				DEVELOPMENT_TEAM = AX2CJDJYNK;
				GENERATE_INFOPLIST_FILE = YES;
				INFOPLIST_FILE = FinanceApp/Resource/Info.plist;
				INFOPLIST_KEY_UIApplicationSupportsIndirectInputEvents = YES;
				INFOPLIST_KEY_UILaunchStoryboardName = LaunchScreen;
				INFOPLIST_KEY_UIMainStoryboardFile = Main;
				INFOPLIST_KEY_UISupportedInterfaceOrientations_iPad = "UIInterfaceOrientationPortrait UIInterfaceOrientationPortraitUpsideDown UIInterfaceOrientationLandscapeLeft UIInterfaceOrientationLandscapeRight";
				INFOPLIST_KEY_UISupportedInterfaceOrientations_iPhone = "UIInterfaceOrientationPortrait UIInterfaceOrientationLandscapeLeft UIInterfaceOrientationLandscapeRight";
				LD_RUNPATH_SEARCH_PATHS = (
					"$(inherited)",
					"@executable_path/Frameworks",
				);
				MARKETING_VERSION = 1.0;
				PRODUCT_BUNDLE_IDENTIFIER = com.gato.FinanceApp;
				PRODUCT_NAME = "$(TARGET_NAME)";
				SWIFT_EMIT_LOC_STRINGS = YES;
				SWIFT_VERSION = 5.0;
				TARGETED_DEVICE_FAMILY = "1,2";
			};
			name = Release;
		};
/* End XCBuildConfiguration section */

/* Begin XCConfigurationList section */
		A0047AFE296F62AF00608917 /* Build configuration list for PBXProject "FinanceApp" */ = {
			isa = XCConfigurationList;
			buildConfigurations = (
				A0047B18296F62B100608917 /* Debug */,
				A0047B19296F62B100608917 /* Release */,
			);
			defaultConfigurationIsVisible = 0;
			defaultConfigurationName = Release;
		};
		A0047B1A296F62B100608917 /* Build configuration list for PBXNativeTarget "FinanceApp" */ = {
			isa = XCConfigurationList;
			buildConfigurations = (
				A0047B1B296F62B100608917 /* Debug */,
				A0047B1C296F62B100608917 /* Release */,
			);
			defaultConfigurationIsVisible = 0;
			defaultConfigurationName = Release;
		};
/* End XCConfigurationList section */

/* Begin XCVersionGroup section */
		A0047B0F296F62AF00608917 /* FinanceApp.xcdatamodeld */ = {
			isa = XCVersionGroup;
			children = (
				A0047B10296F62AF00608917 /* FinanceApp.xcdatamodel */,
			);
			currentVersion = A0047B10296F62AF00608917 /* FinanceApp.xcdatamodel */;
			path = FinanceApp.xcdatamodeld;
			sourceTree = "<group>";
			versionGroupType = wrapper.xcdatamodel;
		};
/* End XCVersionGroup section */
	};
	rootObject = A0047AFB296F62AF00608917 /* Project object */;
}
